
Microsoft Visual Studio Solution File, Format Version 12.00
# Visual Studio Version 16
VisualStudioVersion = 16.0.29503.13
MinimumVisualStudioVersion = 10.0.40219.1
Project("{FAE04EC0-301F-11D3-BF4B-00C04F79EFBC}") = "Shop.Common", "Shop.Common\Shop.Common.csproj", "{B7D7212F-251A-46FB-A864-C89BE1BA675F}"
EndProject
Project("{2150E333-8FDC-42A3-9474-1A3956D46DE8}") = "Backend", "Backend", "{5B3D3FD7-978E-40FC-985F-456B3CCAAF75}"
EndProject
Project("{2150E333-8FDC-42A3-9474-1A3956D46DE8}") = "Frontend", "Frontend", "{085FC6BC-1D05-416E-BC3E-CF8805B27874}"
EndProject
Project("{2150E333-8FDC-42A3-9474-1A3956D46DE8}") = "Forms", "Forms", "{F2325F62-9B1D-4A7E-A82E-B0DC77956745}"
EndProject
Project("{2150E333-8FDC-42A3-9474-1A3956D46DE8}") = "Classic", "Classic", "{CC5410FF-3C2A-48CD-A34A-CA7B0603ABF0}"
EndProject
Project("{FAE04EC0-301F-11D3-BF4B-00C04F79EFBC}") = "Shop.UIForms.UWP", "Shop.UIForms\Shop.UIForms.UWP\Shop.UIForms.UWP.csproj", "{482F7203-78A2-4F86-B334-DAEFEC443ABA}"
EndProject
Project("{FAE04EC0-301F-11D3-BF4B-00C04F79EFBC}") = "Shop.UIForms.Android", "Shop.UIForms\Shop.UIForms.Android\Shop.UIForms.Android.csproj", "{59F85E11-E517-48B5-802A-574724E3B900}"
EndProject
Project("{FAE04EC0-301F-11D3-BF4B-00C04F79EFBC}") = "Shop.UIForms.iOS", "Shop.UIForms\Shop.UIForms.iOS\Shop.UIForms.iOS.csproj", "{A42F539B-E0D2-4EE6-8E47-A540058260C5}"
EndProject
Project("{FAE04EC0-301F-11D3-BF4B-00C04F79EFBC}") = "Shop.UIForms", "Shop.UIForms\Shop.UIForms\Shop.UIForms.csproj", "{98DB7D7F-0573-4182-97EE-9DC5A9138A52}"
EndProject
Project("{FAE04EC0-301F-11D3-BF4B-00C04F79EFBC}") = "Shop.UIClassic", "Shop.UIClassic\Shop.UIClassic.csproj", "{A0AD866B-7BF1-46BE-BA08-E5152292070E}"
EndProject
Project("{FAE04EC0-301F-11D3-BF4B-00C04F79EFBC}") = "Shop.UIClassic.iOS", "Shop.UIClassic.iOS\Shop.UIClassic.iOS.csproj", "{C2105403-41C3-4E14-877E-E9358BF6ECEF}"
EndProject
Project("{FAE04EC0-301F-11D3-BF4B-00C04F79EFBC}") = "Shop.Web", "Shop.Web\Shop.Web.csproj", "{839B2495-8A13-48EF-B9AC-1975CCB3EDAC}"
EndProject
Global
	GlobalSection(SolutionConfigurationPlatforms) = preSolution
		Debug|Any CPU = Debug|Any CPU
		Debug|ARM = Debug|ARM
		Debug|iPhone = Debug|iPhone
		Debug|iPhoneSimulator = Debug|iPhoneSimulator
		Debug|x64 = Debug|x64
		Debug|x86 = Debug|x86
		Release|Any CPU = Release|Any CPU
		Release|ARM = Release|ARM
		Release|iPhone = Release|iPhone
		Release|iPhoneSimulator = Release|iPhoneSimulator
		Release|x64 = Release|x64
		Release|x86 = Release|x86
	EndGlobalSection
	GlobalSection(ProjectConfigurationPlatforms) = postSolution
		{B7D7212F-251A-46FB-A864-C89BE1BA675F}.Debug|Any CPU.ActiveCfg = Debug|Any CPU
		{B7D7212F-251A-46FB-A864-C89BE1BA675F}.Debug|Any CPU.Build.0 = Debug|Any CPU
		{B7D7212F-251A-46FB-A864-C89BE1BA675F}.Debug|ARM.ActiveCfg = Debug|Any CPU
		{B7D7212F-251A-46FB-A864-C89BE1BA675F}.Debug|ARM.Build.0 = Debug|Any CPU
		{B7D7212F-251A-46FB-A864-C89BE1BA675F}.Debug|iPhone.ActiveCfg = Debug|Any CPU
		{B7D7212F-251A-46FB-A864-C89BE1BA675F}.Debug|iPhone.Build.0 = Debug|Any CPU
		{B7D7212F-251A-46FB-A864-C89BE1BA675F}.Debug|iPhoneSimulator.ActiveCfg = Debug|Any CPU
		{B7D7212F-251A-46FB-A864-C89BE1BA675F}.Debug|iPhoneSimulator.Build.0 = Debug|Any CPU
		{B7D7212F-251A-46FB-A864-C89BE1BA675F}.Debug|x64.ActiveCfg = Debug|Any CPU
		{B7D7212F-251A-46FB-A864-C89BE1BA675F}.Debug|x64.Build.0 = Debug|Any CPU
		{B7D7212F-251A-46FB-A864-C89BE1BA675F}.Debug|x86.ActiveCfg = Debug|Any CPU
		{B7D7212F-251A-46FB-A864-C89BE1BA675F}.Debug|x86.Build.0 = Debug|Any CPU
		{B7D7212F-251A-46FB-A864-C89BE1BA675F}.Release|Any CPU.ActiveCfg = Release|Any CPU
		{B7D7212F-251A-46FB-A864-C89BE1BA675F}.Release|Any CPU.Build.0 = Release|Any CPU
		{B7D7212F-251A-46FB-A864-C89BE1BA675F}.Release|ARM.ActiveCfg = Release|Any CPU
		{B7D7212F-251A-46FB-A864-C89BE1BA675F}.Release|ARM.Build.0 = Release|Any CPU
		{B7D7212F-251A-46FB-A864-C89BE1BA675F}.Release|iPhone.ActiveCfg = Release|Any CPU
		{B7D7212F-251A-46FB-A864-C89BE1BA675F}.Release|iPhone.Build.0 = Release|Any CPU
		{B7D7212F-251A-46FB-A864-C89BE1BA675F}.Release|iPhoneSimulator.ActiveCfg = Release|Any CPU
		{B7D7212F-251A-46FB-A864-C89BE1BA675F}.Release|iPhoneSimulator.Build.0 = Release|Any CPU
		{B7D7212F-251A-46FB-A864-C89BE1BA675F}.Release|x64.ActiveCfg = Release|Any CPU
		{B7D7212F-251A-46FB-A864-C89BE1BA675F}.Release|x64.Build.0 = Release|Any CPU
		{B7D7212F-251A-46FB-A864-C89BE1BA675F}.Release|x86.ActiveCfg = Release|Any CPU
		{B7D7212F-251A-46FB-A864-C89BE1BA675F}.Release|x86.Build.0 = Release|Any CPU
		{482F7203-78A2-4F86-B334-DAEFEC443ABA}.Debug|Any CPU.ActiveCfg = Debug|x86
		{482F7203-78A2-4F86-B334-DAEFEC443ABA}.Debug|ARM.ActiveCfg = Debug|ARM
		{482F7203-78A2-4F86-B334-DAEFEC443ABA}.Debug|ARM.Build.0 = Debug|ARM
		{482F7203-78A2-4F86-B334-DAEFEC443ABA}.Debug|ARM.Deploy.0 = Debug|ARM
		{482F7203-78A2-4F86-B334-DAEFEC443ABA}.Debug|iPhone.ActiveCfg = Debug|x86
		{482F7203-78A2-4F86-B334-DAEFEC443ABA}.Debug|iPhoneSimulator.ActiveCfg = Debug|x86
		{482F7203-78A2-4F86-B334-DAEFEC443ABA}.Debug|x64.ActiveCfg = Debug|x64
		{482F7203-78A2-4F86-B334-DAEFEC443ABA}.Debug|x64.Build.0 = Debug|x64
		{482F7203-78A2-4F86-B334-DAEFEC443ABA}.Debug|x64.Deploy.0 = Debug|x64
		{482F7203-78A2-4F86-B334-DAEFEC443ABA}.Debug|x86.ActiveCfg = Debug|x86
		{482F7203-78A2-4F86-B334-DAEFEC443ABA}.Debug|x86.Build.0 = Debug|x86
		{482F7203-78A2-4F86-B334-DAEFEC443ABA}.Debug|x86.Deploy.0 = Debug|x86
		{482F7203-78A2-4F86-B334-DAEFEC443ABA}.Release|Any CPU.ActiveCfg = Release|x86
		{482F7203-78A2-4F86-B334-DAEFEC443ABA}.Release|ARM.ActiveCfg = Release|ARM
		{482F7203-78A2-4F86-B334-DAEFEC443ABA}.Release|ARM.Build.0 = Release|ARM
		{482F7203-78A2-4F86-B334-DAEFEC443ABA}.Release|ARM.Deploy.0 = Release|ARM
		{482F7203-78A2-4F86-B334-DAEFEC443ABA}.Release|iPhone.ActiveCfg = Release|x86
		{482F7203-78A2-4F86-B334-DAEFEC443ABA}.Release|iPhoneSimulator.ActiveCfg = Release|x86
		{482F7203-78A2-4F86-B334-DAEFEC443ABA}.Release|x64.ActiveCfg = Release|x64
		{482F7203-78A2-4F86-B334-DAEFEC443ABA}.Release|x64.Build.0 = Release|x64
		{482F7203-78A2-4F86-B334-DAEFEC443ABA}.Release|x64.Deploy.0 = Release|x64
		{482F7203-78A2-4F86-B334-DAEFEC443ABA}.Release|x86.ActiveCfg = Release|x86
		{482F7203-78A2-4F86-B334-DAEFEC443ABA}.Release|x86.Build.0 = Release|x86
		{482F7203-78A2-4F86-B334-DAEFEC443ABA}.Release|x86.Deploy.0 = Release|x86
		{59F85E11-E517-48B5-802A-574724E3B900}.Debug|Any CPU.ActiveCfg = Debug|Any CPU
		{59F85E11-E517-48B5-802A-574724E3B900}.Debug|Any CPU.Build.0 = Debug|Any CPU
		{59F85E11-E517-48B5-802A-574724E3B900}.Debug|Any CPU.Deploy.0 = Debug|Any CPU
		{59F85E11-E517-48B5-802A-574724E3B900}.Debug|ARM.ActiveCfg = Debug|Any CPU
		{59F85E11-E517-48B5-802A-574724E3B900}.Debug|ARM.Build.0 = Debug|Any CPU
		{59F85E11-E517-48B5-802A-574724E3B900}.Debug|ARM.Deploy.0 = Debug|Any CPU
		{59F85E11-E517-48B5-802A-574724E3B900}.Debug|iPhone.ActiveCfg = Debug|Any CPU
		{59F85E11-E517-48B5-802A-574724E3B900}.Debug|iPhone.Build.0 = Debug|Any CPU
		{59F85E11-E517-48B5-802A-574724E3B900}.Debug|iPhone.Deploy.0 = Debug|Any CPU
		{59F85E11-E517-48B5-802A-574724E3B900}.Debug|iPhoneSimulator.ActiveCfg = Debug|Any CPU
		{59F85E11-E517-48B5-802A-574724E3B900}.Debug|iPhoneSimulator.Build.0 = Debug|Any CPU
		{59F85E11-E517-48B5-802A-574724E3B900}.Debug|iPhoneSimulator.Deploy.0 = Debug|Any CPU
		{59F85E11-E517-48B5-802A-574724E3B900}.Debug|x64.ActiveCfg = Debug|Any CPU
		{59F85E11-E517-48B5-802A-574724E3B900}.Debug|x64.Build.0 = Debug|Any CPU
		{59F85E11-E517-48B5-802A-574724E3B900}.Debug|x64.Deploy.0 = Debug|Any CPU
		{59F85E11-E517-48B5-802A-574724E3B900}.Debug|x86.ActiveCfg = Debug|Any CPU
		{59F85E11-E517-48B5-802A-574724E3B900}.Debug|x86.Build.0 = Debug|Any CPU
		{59F85E11-E517-48B5-802A-574724E3B900}.Debug|x86.Deploy.0 = Debug|Any CPU
		{59F85E11-E517-48B5-802A-574724E3B900}.Release|Any CPU.ActiveCfg = Release|Any CPU
		{59F85E11-E517-48B5-802A-574724E3B900}.Release|Any CPU.Build.0 = Release|Any CPU
		{59F85E11-E517-48B5-802A-574724E3B900}.Release|Any CPU.Deploy.0 = Release|Any CPU
		{59F85E11-E517-48B5-802A-574724E3B900}.Release|ARM.ActiveCfg = Release|Any CPU
		{59F85E11-E517-48B5-802A-574724E3B900}.Release|ARM.Build.0 = Release|Any CPU
		{59F85E11-E517-48B5-802A-574724E3B900}.Release|ARM.Deploy.0 = Release|Any CPU
		{59F85E11-E517-48B5-802A-574724E3B900}.Release|iPhone.ActiveCfg = Release|Any CPU
		{59F85E11-E517-48B5-802A-574724E3B900}.Release|iPhone.Build.0 = Release|Any CPU
		{59F85E11-E517-48B5-802A-574724E3B900}.Release|iPhone.Deploy.0 = Release|Any CPU
		{59F85E11-E517-48B5-802A-574724E3B900}.Release|iPhoneSimulator.ActiveCfg = Release|Any CPU
		{59F85E11-E517-48B5-802A-574724E3B900}.Release|iPhoneSimulator.Build.0 = Release|Any CPU
		{59F85E11-E517-48B5-802A-574724E3B900}.Release|iPhoneSimulator.Deploy.0 = Release|Any CPU
		{59F85E11-E517-48B5-802A-574724E3B900}.Release|x64.ActiveCfg = Release|Any CPU
		{59F85E11-E517-48B5-802A-574724E3B900}.Release|x64.Build.0 = Release|Any CPU
		{59F85E11-E517-48B5-802A-574724E3B900}.Release|x64.Deploy.0 = Release|Any CPU
		{59F85E11-E517-48B5-802A-574724E3B900}.Release|x86.ActiveCfg = Release|Any CPU
		{59F85E11-E517-48B5-802A-574724E3B900}.Release|x86.Build.0 = Release|Any CPU
		{59F85E11-E517-48B5-802A-574724E3B900}.Release|x86.Deploy.0 = Release|Any CPU
		{A42F539B-E0D2-4EE6-8E47-A540058260C5}.Debug|Any CPU.ActiveCfg = Debug|iPhone
		{A42F539B-E0D2-4EE6-8E47-A540058260C5}.Debug|ARM.ActiveCfg = Debug|iPhone
		{A42F539B-E0D2-4EE6-8E47-A540058260C5}.Debug|iPhone.ActiveCfg = Debug|iPhone
		{A42F539B-E0D2-4EE6-8E47-A540058260C5}.Debug|iPhone.Build.0 = Debug|iPhone
		{A42F539B-E0D2-4EE6-8E47-A540058260C5}.Debug|iPhoneSimulator.ActiveCfg = Debug|iPhoneSimulator
		{A42F539B-E0D2-4EE6-8E47-A540058260C5}.Debug|iPhoneSimulator.Build.0 = Debug|iPhoneSimulator
		{A42F539B-E0D2-4EE6-8E47-A540058260C5}.Debug|x64.ActiveCfg = Debug|iPhone
		{A42F539B-E0D2-4EE6-8E47-A540058260C5}.Debug|x86.ActiveCfg = Debug|iPhone
		{A42F539B-E0D2-4EE6-8E47-A540058260C5}.Release|Any CPU.ActiveCfg = Release|iPhone
		{A42F539B-E0D2-4EE6-8E47-A540058260C5}.Release|ARM.ActiveCfg = Release|iPhone
		{A42F539B-E0D2-4EE6-8E47-A540058260C5}.Release|iPhone.ActiveCfg = Release|iPhone
		{A42F539B-E0D2-4EE6-8E47-A540058260C5}.Release|iPhone.Build.0 = Release|iPhone
		{A42F539B-E0D2-4EE6-8E47-A540058260C5}.Release|iPhoneSimulator.ActiveCfg = Release|iPhoneSimulator
		{A42F539B-E0D2-4EE6-8E47-A540058260C5}.Release|iPhoneSimulator.Build.0 = Release|iPhoneSimulator
		{A42F539B-E0D2-4EE6-8E47-A540058260C5}.Release|x64.ActiveCfg = Release|iPhone
		{A42F539B-E0D2-4EE6-8E47-A540058260C5}.Release|x86.ActiveCfg = Release|iPhone
		{98DB7D7F-0573-4182-97EE-9DC5A9138A52}.Debug|Any CPU.ActiveCfg = Debug|Any CPU
		{98DB7D7F-0573-4182-97EE-9DC5A9138A52}.Debug|Any CPU.Build.0 = Debug|Any CPU
		{98DB7D7F-0573-4182-97EE-9DC5A9138A52}.Debug|ARM.ActiveCfg = Debug|Any CPU
		{98DB7D7F-0573-4182-97EE-9DC5A9138A52}.Debug|ARM.Build.0 = Debug|Any CPU
		{98DB7D7F-0573-4182-97EE-9DC5A9138A52}.Debug|iPhone.ActiveCfg = Debug|Any CPU
		{98DB7D7F-0573-4182-97EE-9DC5A9138A52}.Debug|iPhone.Build.0 = Debug|Any CPU
		{98DB7D7F-0573-4182-97EE-9DC5A9138A52}.Debug|iPhoneSimulator.ActiveCfg = Debug|Any CPU
		{98DB7D7F-0573-4182-97EE-9DC5A9138A52}.Debug|iPhoneSimulator.Build.0 = Debug|Any CPU
		{98DB7D7F-0573-4182-97EE-9DC5A9138A52}.Debug|x64.ActiveCfg = Debug|Any CPU
		{98DB7D7F-0573-4182-97EE-9DC5A9138A52}.Debug|x64.Build.0 = Debug|Any CPU
		{98DB7D7F-0573-4182-97EE-9DC5A9138A52}.Debug|x86.ActiveCfg = Debug|Any CPU
		{98DB7D7F-0573-4182-97EE-9DC5A9138A52}.Debug|x86.Build.0 = Debug|Any CPU
		{98DB7D7F-0573-4182-97EE-9DC5A9138A52}.Release|Any CPU.ActiveCfg = Release|Any CPU
		{98DB7D7F-0573-4182-97EE-9DC5A9138A52}.Release|Any CPU.Build.0 = Release|Any CPU
		{98DB7D7F-0573-4182-97EE-9DC5A9138A52}.Release|ARM.ActiveCfg = Release|Any CPU
		{98DB7D7F-0573-4182-97EE-9DC5A9138A52}.Release|ARM.Build.0 = Release|Any CPU
		{98DB7D7F-0573-4182-97EE-9DC5A9138A52}.Release|iPhone.ActiveCfg = Release|Any CPU
		{98DB7D7F-0573-4182-97EE-9DC5A9138A52}.Release|iPhone.Build.0 = Release|Any CPU
		{98DB7D7F-0573-4182-97EE-9DC5A9138A52}.Release|iPhoneSimulator.ActiveCfg = Release|Any CPU
		{98DB7D7F-0573-4182-97EE-9DC5A9138A52}.Release|iPhoneSimulator.Build.0 = Release|Any CPU
		{98DB7D7F-0573-4182-97EE-9DC5A9138A52}.Release|x64.ActiveCfg = Release|Any CPU
		{98DB7D7F-0573-4182-97EE-9DC5A9138A52}.Release|x64.Build.0 = Release|Any CPU
		{98DB7D7F-0573-4182-97EE-9DC5A9138A52}.Release|x86.ActiveCfg = Release|Any CPU
		{98DB7D7F-0573-4182-97EE-9DC5A9138A52}.Release|x86.Build.0 = Release|Any CPU
		{A0AD866B-7BF1-46BE-BA08-E5152292070E}.Debug|Any CPU.ActiveCfg = Debug|Any CPU
		{A0AD866B-7BF1-46BE-BA08-E5152292070E}.Debug|Any CPU.Build.0 = Debug|Any CPU
		{A0AD866B-7BF1-46BE-BA08-E5152292070E}.Debug|ARM.ActiveCfg = Debug|Any CPU
		{A0AD866B-7BF1-46BE-BA08-E5152292070E}.Debug|ARM.Build.0 = Debug|Any CPU
		{A0AD866B-7BF1-46BE-BA08-E5152292070E}.Debug|iPhone.ActiveCfg = Debug|Any CPU
		{A0AD866B-7BF1-46BE-BA08-E5152292070E}.Debug|iPhone.Build.0 = Debug|Any CPU
		{A0AD866B-7BF1-46BE-BA08-E5152292070E}.Debug|iPhoneSimulator.ActiveCfg = Debug|Any CPU
		{A0AD866B-7BF1-46BE-BA08-E5152292070E}.Debug|iPhoneSimulator.Build.0 = Debug|Any CPU
		{A0AD866B-7BF1-46BE-BA08-E5152292070E}.Debug|x64.ActiveCfg = Debug|Any CPU
		{A0AD866B-7BF1-46BE-BA08-E5152292070E}.Debug|x64.Build.0 = Debug|Any CPU
		{A0AD866B-7BF1-46BE-BA08-E5152292070E}.Debug|x86.ActiveCfg = Debug|Any CPU
		{A0AD866B-7BF1-46BE-BA08-E5152292070E}.Debug|x86.Build.0 = Debug|Any CPU
		{A0AD866B-7BF1-46BE-BA08-E5152292070E}.Release|Any CPU.ActiveCfg = Release|Any CPU
		{A0AD866B-7BF1-46BE-BA08-E5152292070E}.Release|Any CPU.Build.0 = Release|Any CPU
		{A0AD866B-7BF1-46BE-BA08-E5152292070E}.Release|ARM.ActiveCfg = Release|Any CPU
		{A0AD866B-7BF1-46BE-BA08-E5152292070E}.Release|ARM.Build.0 = Release|Any CPU
		{A0AD866B-7BF1-46BE-BA08-E5152292070E}.Release|iPhone.ActiveCfg = Release|Any CPU
		{A0AD866B-7BF1-46BE-BA08-E5152292070E}.Release|iPhone.Build.0 = Release|Any CPU
		{A0AD866B-7BF1-46BE-BA08-E5152292070E}.Release|iPhoneSimulator.ActiveCfg = Release|Any CPU
		{A0AD866B-7BF1-46BE-BA08-E5152292070E}.Release|iPhoneSimulator.Build.0 = Release|Any CPU
		{A0AD866B-7BF1-46BE-BA08-E5152292070E}.Release|x64.ActiveCfg = Release|Any CPU
		{A0AD866B-7BF1-46BE-BA08-E5152292070E}.Release|x64.Build.0 = Release|Any CPU
		{A0AD866B-7BF1-46BE-BA08-E5152292070E}.Release|x86.ActiveCfg = Release|Any CPU
		{A0AD866B-7BF1-46BE-BA08-E5152292070E}.Release|x86.Build.0 = Release|Any CPU
		{C2105403-41C3-4E14-877E-E9358BF6ECEF}.Debug|Any CPU.ActiveCfg = Debug|iPhone
		{C2105403-41C3-4E14-877E-E9358BF6ECEF}.Debug|ARM.ActiveCfg = Debug|iPhone
		{C2105403-41C3-4E14-877E-E9358BF6ECEF}.Debug|iPhone.ActiveCfg = Debug|iPhone
		{C2105403-41C3-4E14-877E-E9358BF6ECEF}.Debug|iPhone.Build.0 = Debug|iPhone
		{C2105403-41C3-4E14-877E-E9358BF6ECEF}.Debug|iPhoneSimulator.ActiveCfg = Debug|iPhoneSimulator
		{C2105403-41C3-4E14-877E-E9358BF6ECEF}.Debug|iPhoneSimulator.Build.0 = Debug|iPhoneSimulator
		{C2105403-41C3-4E14-877E-E9358BF6ECEF}.Debug|x64.ActiveCfg = Debug|iPhone
		{C2105403-41C3-4E14-877E-E9358BF6ECEF}.Debug|x86.ActiveCfg = Debug|iPhone
		{C2105403-41C3-4E14-877E-E9358BF6ECEF}.Release|Any CPU.ActiveCfg = Release|iPhone
		{C2105403-41C3-4E14-877E-E9358BF6ECEF}.Release|ARM.ActiveCfg = Release|iPhone
		{C2105403-41C3-4E14-877E-E9358BF6ECEF}.Release|iPhone.ActiveCfg = Release|iPhone
		{C2105403-41C3-4E14-877E-E9358BF6ECEF}.Release|iPhone.Build.0 = Release|iPhone
		{C2105403-41C3-4E14-877E-E9358BF6ECEF}.Release|iPhoneSimulator.ActiveCfg = Release|iPhoneSimulator
		{C2105403-41C3-4E14-877E-E9358BF6ECEF}.Release|iPhoneSimulator.Build.0 = Release|iPhoneSimulator
		{C2105403-41C3-4E14-877E-E9358BF6ECEF}.Release|x64.ActiveCfg = Release|iPhone
		{C2105403-41C3-4E14-877E-E9358BF6ECEF}.Release|x86.ActiveCfg = Release|iPhone
		{839B2495-8A13-48EF-B9AC-1975CCB3EDAC}.Debug|Any CPU.ActiveCfg = Debug|Any CPU
		{839B2495-8A13-48EF-B9AC-1975CCB3EDAC}.Debug|Any CPU.Build.0 = Debug|Any CPU
		{839B2495-8A13-48EF-B9AC-1975CCB3EDAC}.Debug|ARM.ActiveCfg = Debug|Any CPU
		{839B2495-8A13-48EF-B9AC-1975CCB3EDAC}.Debug|ARM.Build.0 = Debug|Any CPU
		{839B2495-8A13-48EF-B9AC-1975CCB3EDAC}.Debug|iPhone.ActiveCfg = Debug|Any CPU
		{839B2495-8A13-48EF-B9AC-1975CCB3EDAC}.Debug|iPhone.Build.0 = Debug|Any CPU
		{839B2495-8A13-48EF-B9AC-1975CCB3EDAC}.Debug|iPhoneSimulator.ActiveCfg = Debug|Any CPU
		{839B2495-8A13-48EF-B9AC-1975CCB3EDAC}.Debug|iPhoneSimulator.Build.0 = Debug|Any CPU
		{839B2495-8A13-48EF-B9AC-1975CCB3EDAC}.Debug|x64.ActiveCfg = Debug|Any CPU
		{839B2495-8A13-48EF-B9AC-1975CCB3EDAC}.Debug|x64.Build.0 = Debug|Any CPU
		{839B2495-8A13-48EF-B9AC-1975CCB3EDAC}.Debug|x86.ActiveCfg = Debug|Any CPU
		{839B2495-8A13-48EF-B9AC-1975CCB3EDAC}.Debug|x86.Build.0 = Debug|Any CPU
		{839B2495-8A13-48EF-B9AC-1975CCB3EDAC}.Release|Any CPU.ActiveCfg = Release|Any CPU
		{839B2495-8A13-48EF-B9AC-1975CCB3EDAC}.Release|Any CPU.Build.0 = Release|Any CPU
		{839B2495-8A13-48EF-B9AC-1975CCB3EDAC}.Release|ARM.ActiveCfg = Release|Any CPU
		{839B2495-8A13-48EF-B9AC-1975CCB3EDAC}.Release|ARM.Build.0 = Release|Any CPU
		{839B2495-8A13-48EF-B9AC-1975CCB3EDAC}.Release|iPhone.ActiveCfg = Release|Any CPU
		{839B2495-8A13-48EF-B9AC-1975CCB3EDAC}.Release|iPhone.Build.0 = Release|Any CPU
		{839B2495-8A13-48EF-B9AC-1975CCB3EDAC}.Release|iPhoneSimulator.ActiveCfg = Release|Any CPU
		{839B2495-8A13-48EF-B9AC-1975CCB3EDAC}.Release|iPhoneSimulator.Build.0 = Release|Any CPU
		{839B2495-8A13-48EF-B9AC-1975CCB3EDAC}.Release|x64.ActiveCfg = Release|Any CPU
		{839B2495-8A13-48EF-B9AC-1975CCB3EDAC}.Release|x64.Build.0 = Release|Any CPU
		{839B2495-8A13-48EF-B9AC-1975CCB3EDAC}.Release|x86.ActiveCfg = Release|Any CPU
		{839B2495-8A13-48EF-B9AC-1975CCB3EDAC}.Release|x86.Build.0 = Release|Any CPU
	EndGlobalSection
	GlobalSection(SolutionProperties) = preSolution
		HideSolutionNode = FALSE
	EndGlobalSection
	GlobalSection(NestedProjects) = preSolution
		{F2325F62-9B1D-4A7E-A82E-B0DC77956745} = {085FC6BC-1D05-416E-BC3E-CF8805B27874}
		{CC5410FF-3C2A-48CD-A34A-CA7B0603ABF0} = {085FC6BC-1D05-416E-BC3E-CF8805B27874}
		{482F7203-78A2-4F86-B334-DAEFEC443ABA} = {F2325F62-9B1D-4A7E-A82E-B0DC77956745}
		{59F85E11-E517-48B5-802A-574724E3B900} = {F2325F62-9B1D-4A7E-A82E-B0DC77956745}
		{A42F539B-E0D2-4EE6-8E47-A540058260C5} = {F2325F62-9B1D-4A7E-A82E-B0DC77956745}
		{98DB7D7F-0573-4182-97EE-9DC5A9138A52} = {F2325F62-9B1D-4A7E-A82E-B0DC77956745}
		{A0AD866B-7BF1-46BE-BA08-E5152292070E} = {CC5410FF-3C2A-48CD-A34A-CA7B0603ABF0}
		{C2105403-41C3-4E14-877E-E9358BF6ECEF} = {CC5410FF-3C2A-48CD-A34A-CA7B0603ABF0}
		{839B2495-8A13-48EF-B9AC-1975CCB3EDAC} = {5B3D3FD7-978E-40FC-985F-456B3CCAAF75}
	EndGlobalSection
	GlobalSection(ExtensibilityGlobals) = postSolution
		SolutionGuid = {17BABA26-6FE2-4C28-A1ED-9A34313181EE}
	EndGlobalSection
EndGlobal
